
Microsoft Visual Studio Solution File, Format Version 12.00
# Visual Studio Version 16
VisualStudioVersion = 16.0.31129.286
MinimumVisualStudioVersion = 10.0.40219.1
Project("{FAE04EC0-301F-11D3-BF4B-00C04F79EFBC}") = "KinoSite", "KinoSite\KinoSite.csproj", "{0C589CFC-121E-4FC2-B790-BFA69E877E5A}"
EndProject
Global
	GlobalSection(SolutionConfigurationPlatforms) = preSolution
		Debug|Any CPU = Debug|Any CPU
		Release|Any CPU = Release|Any CPU
	EndGlobalSection
	GlobalSection(ProjectConfigurationPlatforms) = postSolution
		{0C589CFC-121E-4FC2-B790-BFA69E877E5A}.Debug|Any CPU.ActiveCfg = Debug|Any CPU
		{0C589CFC-121E-4FC2-B790-BFA69E877E5A}.Debug|Any CPU.Build.0 = Debug|Any CPU
		{0C589CFC-121E-4FC2-B790-BFA69E877E5A}.Release|Any CPU.ActiveCfg = Release|Any CPU
		{0C589CFC-121E-4FC2-B790-BFA69E877E5A}.Release|Any CPU.Build.0 = Release|Any CPU
	EndGlobalSection
	GlobalSection(SolutionProperties) = preSolution
		HideSolutionNode = FALSE
	EndGlobalSection
	GlobalSection(ExtensibilityGlobals) = postSolution
		SolutionGuid = {73CAC356-F4CF-43A4-A73B-3AD38D0CC668}
	EndGlobalSection
EndGlobal
